
Microsoft Visual Studio Solution File, Format Version 10.00
# Visual Studio 2008
Project("{FAE04EC0-301F-11D3-BF4B-00C04F79EFBC}") = "StudentResult", "StudentResult\StudentResult.csproj", "{CFE4B5CC-2FB3-4294-8400-30388BB1E46B}"
EndProject
Global
	GlobalSection(SolutionConfigurationPlatforms) = preSolution
		Debug|Any CPU = Debug|Any CPU
		Release|Any CPU = Release|Any CPU
	EndGlobalSection
	GlobalSection(ProjectConfigurationPlatforms) = postSolution
		{CFE4B5CC-2FB3-4294-8400-30388BB1E46B}.Debug|Any CPU.ActiveCfg = Debug|Any CPU
		{CFE4B5CC-2FB3-4294-8400-30388BB1E46B}.Debug|Any CPU.Build.0 = Debug|Any CPU
		{CFE4B5CC-2FB3-4294-8400-30388BB1E46B}.Release|Any CPU.ActiveCfg = Release|Any CPU
		{CFE4B5CC-2FB3-4294-8400-30388BB1E46B}.Release|Any CPU.Build.0 = Release|Any CPU
	EndGlobalSection
	GlobalSection(SolutionProperties) = preSolution
		HideSolutionNode = FALSE
	EndGlobalSection
EndGlobal
