
Microsoft Visual Studio Solution File, Format Version 10.00
# Visual Studio 2008
Project("{FAE04EC0-301F-11D3-BF4B-00C04F79EFBC}") = "Operations", "Operations\Operations.csproj", "{BADBD652-D877-458A-B2CB-0E958F800013}"
EndProject
Global
	GlobalSection(SolutionConfigurationPlatforms) = preSolution
		Debug|Any CPU = Debug|Any CPU
		Release|Any CPU = Release|Any CPU
	EndGlobalSection
	GlobalSection(ProjectConfigurationPlatforms) = postSolution
		{BADBD652-D877-458A-B2CB-0E958F800013}.Debug|Any CPU.ActiveCfg = Debug|Any CPU
		{BADBD652-D877-458A-B2CB-0E958F800013}.Debug|Any CPU.Build.0 = Debug|Any CPU
		{BADBD652-D877-458A-B2CB-0E958F800013}.Release|Any CPU.ActiveCfg = Release|Any CPU
		{BADBD652-D877-458A-B2CB-0E958F800013}.Release|Any CPU.Build.0 = Release|Any CPU
	EndGlobalSection
	GlobalSection(SolutionProperties) = preSolution
		HideSolutionNode = FALSE
	EndGlobalSection
EndGlobal
