
Microsoft Visual Studio Solution File, Format Version 10.00
# Visual Studio 2008
Project("{FAE04EC0-301F-11D3-BF4B-00C04F79EFBC}") = "Calculator", "Calculator\Calculator.csproj", "{F41A94CC-B0AA-45E9-8D22-FB0EA3CFAE40}"
EndProject
Global
	GlobalSection(SolutionConfigurationPlatforms) = preSolution
		Debug|Any CPU = Debug|Any CPU
		Release|Any CPU = Release|Any CPU
	EndGlobalSection
	GlobalSection(ProjectConfigurationPlatforms) = postSolution
		{F41A94CC-B0AA-45E9-8D22-FB0EA3CFAE40}.Debug|Any CPU.ActiveCfg = Debug|Any CPU
		{F41A94CC-B0AA-45E9-8D22-FB0EA3CFAE40}.Debug|Any CPU.Build.0 = Debug|Any CPU
		{F41A94CC-B0AA-45E9-8D22-FB0EA3CFAE40}.Release|Any CPU.ActiveCfg = Release|Any CPU
		{F41A94CC-B0AA-45E9-8D22-FB0EA3CFAE40}.Release|Any CPU.Build.0 = Release|Any CPU
	EndGlobalSection
	GlobalSection(SolutionProperties) = preSolution
		HideSolutionNode = FALSE
	EndGlobalSection
EndGlobal
