
Microsoft Visual Studio Solution File, Format Version 10.00
# Visual Studio 2008
Project("{FAE04EC0-301F-11D3-BF4B-00C04F79EFBC}") = "Check2No", "Check2No\Check2No.csproj", "{555CDF4D-E556-40C4-BD8D-D6B4C44EC248}"
EndProject
Global
	GlobalSection(SolutionConfigurationPlatforms) = preSolution
		Debug|Any CPU = Debug|Any CPU
		Release|Any CPU = Release|Any CPU
	EndGlobalSection
	GlobalSection(ProjectConfigurationPlatforms) = postSolution
		{555CDF4D-E556-40C4-BD8D-D6B4C44EC248}.Debug|Any CPU.ActiveCfg = Debug|Any CPU
		{555CDF4D-E556-40C4-BD8D-D6B4C44EC248}.Debug|Any CPU.Build.0 = Debug|Any CPU
		{555CDF4D-E556-40C4-BD8D-D6B4C44EC248}.Release|Any CPU.ActiveCfg = Release|Any CPU
		{555CDF4D-E556-40C4-BD8D-D6B4C44EC248}.Release|Any CPU.Build.0 = Release|Any CPU
	EndGlobalSection
	GlobalSection(SolutionProperties) = preSolution
		HideSolutionNode = FALSE
	EndGlobalSection
EndGlobal
